
Microsoft Visual Studio Solution File, Format Version 12.00
# Visual Studio 15
VisualStudioVersion = 15.0.28010.2050
MinimumVisualStudioVersion = 10.0.40219.1
Project("{FAE04EC0-301F-11D3-BF4B-00C04F79EFBC}") = "Calculator", "Calculator\Calculator.csproj", "{D7F2404C-064C-4547-A646-C5F92D9AD922}"
EndProject
Global
	GlobalSection(SolutionConfigurationPlatforms) = preSolution
		Debug|Any CPU = Debug|Any CPU
		Release|Any CPU = Release|Any CPU
	EndGlobalSection
	GlobalSection(ProjectConfigurationPlatforms) = postSolution
		{D7F2404C-064C-4547-A646-C5F92D9AD922}.Debug|Any CPU.ActiveCfg = Debug|Any CPU
		{D7F2404C-064C-4547-A646-C5F92D9AD922}.Debug|Any CPU.Build.0 = Debug|Any CPU
		{D7F2404C-064C-4547-A646-C5F92D9AD922}.Release|Any CPU.ActiveCfg = Release|Any CPU
		{D7F2404C-064C-4547-A646-C5F92D9AD922}.Release|Any CPU.Build.0 = Release|Any CPU
	EndGlobalSection
	GlobalSection(SolutionProperties) = preSolution
		HideSolutionNode = FALSE
	EndGlobalSection
	GlobalSection(ExtensibilityGlobals) = postSolution
		SolutionGuid = {F172DE74-A3E1-49DF-8828-9061E1DE87D9}
	EndGlobalSection
EndGlobal
