
Microsoft Visual Studio Solution File, Format Version 12.00
# Visual Studio 15
VisualStudioVersion = 15.0.28010.2050
MinimumVisualStudioVersion = 10.0.40219.1
Project("{FAE04EC0-301F-11D3-BF4B-00C04F79EFBC}") = "EventTriggerTest", "EventTriggerTest\EventTriggerTest.csproj", "{1E77434B-7990-4432-83CB-178C77AEE983}"
EndProject
Global
	GlobalSection(SolutionConfigurationPlatforms) = preSolution
		Debug|Any CPU = Debug|Any CPU
		Release|Any CPU = Release|Any CPU
	EndGlobalSection
	GlobalSection(ProjectConfigurationPlatforms) = postSolution
		{1E77434B-7990-4432-83CB-178C77AEE983}.Debug|Any CPU.ActiveCfg = Debug|Any CPU
		{1E77434B-7990-4432-83CB-178C77AEE983}.Debug|Any CPU.Build.0 = Debug|Any CPU
		{1E77434B-7990-4432-83CB-178C77AEE983}.Release|Any CPU.ActiveCfg = Release|Any CPU
		{1E77434B-7990-4432-83CB-178C77AEE983}.Release|Any CPU.Build.0 = Release|Any CPU
	EndGlobalSection
	GlobalSection(SolutionProperties) = preSolution
		HideSolutionNode = FALSE
	EndGlobalSection
	GlobalSection(ExtensibilityGlobals) = postSolution
		SolutionGuid = {27221BF6-B377-42DC-A9C0-9986F249706A}
	EndGlobalSection
EndGlobal
