
Microsoft Visual Studio Solution File, Format Version 12.00
# Visual Studio 15
VisualStudioVersion = 15.0.28010.2050
MinimumVisualStudioVersion = 10.0.40219.1
Project("{FAE04EC0-301F-11D3-BF4B-00C04F79EFBC}") = "ToolbarTest", "ToolbarTest\ToolbarTest.csproj", "{131DFCB2-4A2A-4433-9194-9067446AA8B8}"
EndProject
Global
	GlobalSection(SolutionConfigurationPlatforms) = preSolution
		Debug|Any CPU = Debug|Any CPU
		Release|Any CPU = Release|Any CPU
	EndGlobalSection
	GlobalSection(ProjectConfigurationPlatforms) = postSolution
		{131DFCB2-4A2A-4433-9194-9067446AA8B8}.Debug|Any CPU.ActiveCfg = Debug|Any CPU
		{131DFCB2-4A2A-4433-9194-9067446AA8B8}.Debug|Any CPU.Build.0 = Debug|Any CPU
		{131DFCB2-4A2A-4433-9194-9067446AA8B8}.Release|Any CPU.ActiveCfg = Release|Any CPU
		{131DFCB2-4A2A-4433-9194-9067446AA8B8}.Release|Any CPU.Build.0 = Release|Any CPU
	EndGlobalSection
	GlobalSection(SolutionProperties) = preSolution
		HideSolutionNode = FALSE
	EndGlobalSection
	GlobalSection(ExtensibilityGlobals) = postSolution
		SolutionGuid = {0F5694AF-B997-4628-87A5-F8F40CE96541}
	EndGlobalSection
EndGlobal
