
Microsoft Visual Studio Solution File, Format Version 12.00
# Visual Studio 15
VisualStudioVersion = 15.0.28010.2050
MinimumVisualStudioVersion = 10.0.40219.1
Project("{FAE04EC0-301F-11D3-BF4B-00C04F79EFBC}") = "DockPanelTest", "DockPanelTest\DockPanelTest.csproj", "{62AD8EF5-0710-4ED0-A128-8B20D6F15BE1}"
EndProject
Global
	GlobalSection(SolutionConfigurationPlatforms) = preSolution
		Debug|Any CPU = Debug|Any CPU
		Release|Any CPU = Release|Any CPU
	EndGlobalSection
	GlobalSection(ProjectConfigurationPlatforms) = postSolution
		{62AD8EF5-0710-4ED0-A128-8B20D6F15BE1}.Debug|Any CPU.ActiveCfg = Debug|Any CPU
		{62AD8EF5-0710-4ED0-A128-8B20D6F15BE1}.Debug|Any CPU.Build.0 = Debug|Any CPU
		{62AD8EF5-0710-4ED0-A128-8B20D6F15BE1}.Release|Any CPU.ActiveCfg = Release|Any CPU
		{62AD8EF5-0710-4ED0-A128-8B20D6F15BE1}.Release|Any CPU.Build.0 = Release|Any CPU
	EndGlobalSection
	GlobalSection(SolutionProperties) = preSolution
		HideSolutionNode = FALSE
	EndGlobalSection
	GlobalSection(ExtensibilityGlobals) = postSolution
		SolutionGuid = {F21A407A-FB25-4076-B68D-BEA21570728C}
	EndGlobalSection
EndGlobal
